{
  "version": 4,
  "terraform_version": "1.9.3",
  "serial": 180,
  "lineage": "61c601b5-6d2e-7680-b1ba-6e160edf0e4e",
  "outputs": {},
  "resources": [
    {
      "mode": "managed",
      "type": "local_file",
      "name": "hosts_cfg",
      "provider": "provider[\"registry.terraform.io/hashicorp/local\"]",
      "instances": [
        {
          "schema_version": 0,
          "attributes": {
            "content": "[virtualmachine_ip]\n141.72.189.191\n",
            "content_base64": null,
            "content_base64sha256": "w9F/C3pC5VOIRwXhKPwYEBO1vllwpNzQO3+G4wQ5EAo=",
            "content_base64sha512": "sHzgOuIsRfcSyX1fr64mLRo78QlipcQjJsROP68SFdiusshkdgQjP3Kw87kQxkqx1uGXK2acmvhG/pVppEWwgw==",
            "content_md5": "b799a494a00dcd0151c641c5b9eaf502",
            "content_sha1": "597aa662f412490b598735d316dc7f82885195ba",
            "content_sha256": "c3d17f0b7a42e553884705e128fc181013b5be5970a4dcd03b7f86e30439100a",
            "content_sha512": "b07ce03ae22c45f712c97d5fafae262d1a3bf10962a5c42326c44e3faf1215d8aeb2c8647604233f72b0f3b910c64ab1d6e1972b669c9af846fe9569a445b083",
            "directory_permission": "0777",
            "file_permission": "0777",
            "filename": "../hosts.cfg",
            "id": "597aa662f412490b598735d316dc7f82885195ba",
            "sensitive_content": null,
            "source": null
          },
          "sensitive_attributes": [
            [
              {
                "type": "get_attr",
                "value": "sensitive_content"
              }
            ]
          ],
          "dependencies": [
            "openstack_compute_floatingip_v2.my_ip"
          ]
        }
      ]
    },
    {
      "mode": "managed",
      "type": "openstack_compute_floatingip_associate_v2",
      "name": "my_ip",
      "provider": "provider[\"registry.terraform.io/terraform-provider-openstack/openstack\"]",
      "instances": [
        {
          "schema_version": 0,
          "attributes": {
            "fixed_ip": "",
            "floating_ip": "141.72.189.191",
            "id": "141.72.189.191/96a916e7-e2f0-467f-9444-68cc64cda8ad/",
            "instance_id": "96a916e7-e2f0-467f-9444-68cc64cda8ad",
            "region": "",
            "timeouts": null,
            "wait_until_associated": null
          },
          "sensitive_attributes": [],
          "private": "eyJlMmJmYjczMC1lY2FhLTExZTYtOGY4OC0zNDM2M2JjN2M0YzAiOnsiY3JlYXRlIjo2MDAwMDAwMDAwMDB9fQ==",
          "dependencies": [
            "openstack_compute_floatingip_v2.my_ip",
            "openstack_compute_instance_v2.my_openstack_instance"
          ]
        }
      ]
    },
    {
      "mode": "managed",
      "type": "openstack_compute_floatingip_v2",
      "name": "my_ip",
      "provider": "provider[\"registry.terraform.io/terraform-provider-openstack/openstack\"]",
      "instances": [
        {
          "schema_version": 0,
          "attributes": {
            "address": "141.72.189.191",
            "fixed_ip": "",
            "id": "23a9b862-2256-41f0-ac71-7630c2d210c0",
            "instance_id": "",
            "pool": "DHBW",
            "region": ""
          },
          "sensitive_attributes": [],
          "private": "bnVsbA=="
        }
      ]
    },
    {
      "mode": "managed",
      "type": "openstack_compute_instance_v2",
      "name": "my_openstack_instance",
      "provider": "provider[\"registry.terraform.io/terraform-provider-openstack/openstack\"]",
      "instances": [
        {
          "schema_version": 0,
          "attributes": {
            "access_ip_v4": "192.168.99.7",
            "access_ip_v6": "",
            "admin_pass": null,
            "all_metadata": {},
            "all_tags": [],
            "availability_zone": "nova",
            "availability_zone_hints": null,
            "block_device": [],
            "config_drive": null,
            "created": "2024-08-15 18:04:10 +0000 UTC",
            "flavor_id": "54ea9b8e-1b52-4b57-bb99-8c3ff1b3b03c",
            "flavor_name": "m1.xlarge",
            "force_delete": false,
            "id": "96a916e7-e2f0-467f-9444-68cc64cda8ad",
            "image_id": "7eefd82f-4a4e-4b21-b9c7-3f8d26dbc3f1",
            "image_name": "Ubuntu Server 22.04 64bit",
            "key_pair": "Hamza_Key",
            "metadata": null,
            "name": "WebApp_MetricsLaptop",
            "network": [
              {
                "access_network": false,
                "fixed_ip_v4": "192.168.99.7",
                "fixed_ip_v6": "",
                "mac": "fa:16:3e:b7:1e:cd",
                "name": "cloud23",
                "port": "",
                "uuid": "e573e1d0-0a13-4b06-9c42-32894c41c4eb"
              }
            ],
            "network_mode": null,
            "personality": [],
            "power_state": "active",
            "region": "",
            "scheduler_hints": [],
            "security_groups": [
              "default"
            ],
            "stop_before_destroy": false,
            "tags": null,
            "timeouts": null,
            "updated": "2024-08-15 18:04:25 +0000 UTC",
            "user_data": null,
            "vendor_options": []
          },
          "sensitive_attributes": [
            [
              {
                "type": "get_attr",
                "value": "admin_pass"
              }
            ]
          ],
          "private": "eyJlMmJmYjczMC1lY2FhLTExZTYtOGY4OC0zNDM2M2JjN2M0YzAiOnsiY3JlYXRlIjoxODAwMDAwMDAwMDAwLCJkZWxldGUiOjE4MDAwMDAwMDAwMDAsInVwZGF0ZSI6MTgwMDAwMDAwMDAwMH19"
        }
      ]
    }
  ],
  "check_results": null
}
